schemaVersion: 3
kind: coreEntity
module: core
entity: TemplateBlock
title: Template block
language: en
labels: { en: Template block, nl: Templateblok }
domains: [documents]
baseEntity: false
displayTemplate: "{{version}}"
authorization:
  roles:
    read: [Templates.Read, Organization.All.ReadWrite, General.All.Read, General.All.ReadWrite]
fields:
  - key: version
    osfType: TemplateVersion
    required: true
    label: { en: Template version, nl: Templateversie }
  - key: parameters
    osfType: object
    defaultValue: {}
    label: { en: Local values, nl: Lokale waarden }
operations:
  materialize:
    name: Materialize included template
    description: Include the typed template reference using the same materialization cycle and size limits.
    implementation: { type: plugin, plugin: documents, handler: composeTemplate }
    target: { scope: collection }
    input:
      schema:
        type: object
        additionalProperties: false
        required: [definitionKey, values, references, referenceField, parametersField]
        properties:
          definitionKey: { type: string, const: TemplateBlock }
          values: { type: object }
          references: { type: object }
          referenceField: { type: string, const: version }
          parametersField: { type: string, const: parameters }
    output: { schema: { type: object } }
    errors: []
    auth: { mode: session, roles: [Templates.Read, Organization.All.ReadWrite, General.All.Read, General.All.ReadWrite] }
    tenancy: { mode: required }
    effects: { data: read, external: none }
    reliability: { idempotency: { mode: natural } }
    confirmation: { mode: none }
interfaces:
  rest:
    operations:
      materialize: { method: POST, path: /api/content-blocks/template/materialize }
  mcp: { tools: generic }
